
Microsoft Visual Studio Solution File, Format Version 12.00
# Visual Studio Version 16
VisualStudioVersion = 16.0.32228.343
MinimumVisualStudioVersion = 10.0.40219.1
Project("{FAE04EC0-301F-11D3-BF4B-00C04F79EFBC}") = "Lab02-01", "Lab02-01.csproj", "{38735060-D460-40BF-96F2-A6EE60D3E7D7}"
EndProject
Global
	GlobalSection(SolutionConfigurationPlatforms) = preSolution
		Debug|Any CPU = Debug|Any CPU
		Release|Any CPU = Release|Any CPU
	EndGlobalSection
	GlobalSection(ProjectConfigurationPlatforms) = postSolution
		{38735060-D460-40BF-96F2-A6EE60D3E7D7}.Debug|Any CPU.ActiveCfg = Debug|Any CPU
		{38735060-D460-40BF-96F2-A6EE60D3E7D7}.Debug|Any CPU.Build.0 = Debug|Any CPU
		{38735060-D460-40BF-96F2-A6EE60D3E7D7}.Release|Any CPU.ActiveCfg = Release|Any CPU
		{38735060-D460-40BF-96F2-A6EE60D3E7D7}.Release|Any CPU.Build.0 = Release|Any CPU
	EndGlobalSection
	GlobalSection(SolutionProperties) = preSolution
		HideSolutionNode = FALSE
	EndGlobalSection
	GlobalSection(ExtensibilityGlobals) = postSolution
		SolutionGuid = {55D7F15A-68F2-478F-B132-8BF2982A8FFD}
	EndGlobalSection
EndGlobal
