
Microsoft Visual Studio Solution File, Format Version 12.00
# Visual Studio Version 16
VisualStudioVersion = 16.0.32228.343
MinimumVisualStudioVersion = 10.0.40219.1
Project("{FAE04EC0-301F-11D3-BF4B-00C04F79EFBC}") = "Datos", "Datos\Datos.csproj", "{5CFF2E92-F970-4ECB-A654-B771A6337C41}"
EndProject
Project("{FAE04EC0-301F-11D3-BF4B-00C04F79EFBC}") = "Negocio", "Negocio\Negocio.csproj", "{C1EC56F0-A59B-4EA4-90B2-128DEE290F95}"
EndProject
Project("{FAE04EC0-301F-11D3-BF4B-00C04F79EFBC}") = "Presentacion", "Presentacion\Presentacion.csproj", "{26832F82-5C5B-4A4B-94A6-F51352ABAB27}"
EndProject
Global
	GlobalSection(SolutionConfigurationPlatforms) = preSolution
		Debug|Any CPU = Debug|Any CPU
		Release|Any CPU = Release|Any CPU
	EndGlobalSection
	GlobalSection(ProjectConfigurationPlatforms) = postSolution
		{5CFF2E92-F970-4ECB-A654-B771A6337C41}.Debug|Any CPU.ActiveCfg = Debug|Any CPU
		{5CFF2E92-F970-4ECB-A654-B771A6337C41}.Debug|Any CPU.Build.0 = Debug|Any CPU
		{5CFF2E92-F970-4ECB-A654-B771A6337C41}.Release|Any CPU.ActiveCfg = Release|Any CPU
		{5CFF2E92-F970-4ECB-A654-B771A6337C41}.Release|Any CPU.Build.0 = Release|Any CPU
		{C1EC56F0-A59B-4EA4-90B2-128DEE290F95}.Debug|Any CPU.ActiveCfg = Debug|Any CPU
		{C1EC56F0-A59B-4EA4-90B2-128DEE290F95}.Debug|Any CPU.Build.0 = Debug|Any CPU
		{C1EC56F0-A59B-4EA4-90B2-128DEE290F95}.Release|Any CPU.ActiveCfg = Release|Any CPU
		{C1EC56F0-A59B-4EA4-90B2-128DEE290F95}.Release|Any CPU.Build.0 = Release|Any CPU
		{26832F82-5C5B-4A4B-94A6-F51352ABAB27}.Debug|Any CPU.ActiveCfg = Debug|Any CPU
		{26832F82-5C5B-4A4B-94A6-F51352ABAB27}.Debug|Any CPU.Build.0 = Debug|Any CPU
		{26832F82-5C5B-4A4B-94A6-F51352ABAB27}.Release|Any CPU.ActiveCfg = Release|Any CPU
		{26832F82-5C5B-4A4B-94A6-F51352ABAB27}.Release|Any CPU.Build.0 = Release|Any CPU
	EndGlobalSection
	GlobalSection(SolutionProperties) = preSolution
		HideSolutionNode = FALSE
	EndGlobalSection
	GlobalSection(ExtensibilityGlobals) = postSolution
		SolutionGuid = {124E41EB-84AD-458D-B813-FE4099B7FBA3}
	EndGlobalSection
EndGlobal
