
Microsoft Visual Studio Solution File, Format Version 12.00
# Visual Studio Version 16
VisualStudioVersion = 16.0.32228.343
MinimumVisualStudioVersion = 10.0.40219.1
Project("{FAE04EC0-301F-11D3-BF4B-00C04F79EFBC}") = "lab14", "lab14.csproj", "{0F625BC4-4F29-4131-803D-2847C07CD1CD}"
EndProject
Global
	GlobalSection(SolutionConfigurationPlatforms) = preSolution
		Debug|Any CPU = Debug|Any CPU
		Release|Any CPU = Release|Any CPU
	EndGlobalSection
	GlobalSection(ProjectConfigurationPlatforms) = postSolution
		{0F625BC4-4F29-4131-803D-2847C07CD1CD}.Debug|Any CPU.ActiveCfg = Debug|Any CPU
		{0F625BC4-4F29-4131-803D-2847C07CD1CD}.Debug|Any CPU.Build.0 = Debug|Any CPU
		{0F625BC4-4F29-4131-803D-2847C07CD1CD}.Release|Any CPU.ActiveCfg = Release|Any CPU
		{0F625BC4-4F29-4131-803D-2847C07CD1CD}.Release|Any CPU.Build.0 = Release|Any CPU
	EndGlobalSection
	GlobalSection(SolutionProperties) = preSolution
		HideSolutionNode = FALSE
	EndGlobalSection
	GlobalSection(ExtensibilityGlobals) = postSolution
		SolutionGuid = {BF2D624D-ECC4-4E39-B555-D8E9A62BFAD8}
	EndGlobalSection
EndGlobal
