
Microsoft Visual Studio Solution File, Format Version 12.00
# Visual Studio Version 16
VisualStudioVersion = 16.0.32228.343
MinimumVisualStudioVersion = 10.0.40219.1
Project("{FAE04EC0-301F-11D3-BF4B-00C04F79EFBC}") = "lab05", "lab05.csproj", "{AC302F07-267C-4C6A-AFD2-5EEA6B585282}"
EndProject
Global
	GlobalSection(SolutionConfigurationPlatforms) = preSolution
		Debug|Any CPU = Debug|Any CPU
		Release|Any CPU = Release|Any CPU
	EndGlobalSection
	GlobalSection(ProjectConfigurationPlatforms) = postSolution
		{AC302F07-267C-4C6A-AFD2-5EEA6B585282}.Debug|Any CPU.ActiveCfg = Debug|Any CPU
		{AC302F07-267C-4C6A-AFD2-5EEA6B585282}.Debug|Any CPU.Build.0 = Debug|Any CPU
		{AC302F07-267C-4C6A-AFD2-5EEA6B585282}.Release|Any CPU.ActiveCfg = Release|Any CPU
		{AC302F07-267C-4C6A-AFD2-5EEA6B585282}.Release|Any CPU.Build.0 = Release|Any CPU
	EndGlobalSection
	GlobalSection(SolutionProperties) = preSolution
		HideSolutionNode = FALSE
	EndGlobalSection
	GlobalSection(ExtensibilityGlobals) = postSolution
		SolutionGuid = {16E140FC-03C1-49AA-8446-084C86BD81EE}
	EndGlobalSection
EndGlobal
